// !$*UTF8*$!
{
	archiveVersion = 1;
	classes = {
	};
	objectVersion = 48;
	objects = {

/* Begin PBXBuildFile section */
		2571F50F076404FF33C9E73A /* libPods-RunQuestAIUITests.a in Frameworks */ = {isa = PBXBuildFile; fileRef = 05691F8E0C67F5DC9EF60BFB /* libPods-RunQuestAIUITests.a */; };
		BF26D483200F893200D70121 /* AISUserDefaultsService.m in Sources */ = {isa = PBXBuildFile; fileRef = BF26D482200F893200D70121 /* AISUserDefaultsService.m */; };
		BF26D487200F970900D70121 /* AISPrisesCollectionViewController.m in Sources */ = {isa = PBXBuildFile; fileRef = BF26D486200F970900D70121 /* AISPrisesCollectionViewController.m */; };
		BF26D48E200F9BF300D70121 /* AISPrisesCollectionViewCell.m in Sources */ = {isa = PBXBuildFile; fileRef = BF26D48D200F9BF300D70121 /* AISPrisesCollectionViewCell.m */; };
		BF26D492200FDEB900D70121 /* AISDataService.m in Sources */ = {isa = PBXBuildFile; fileRef = BF26D491200FDEB900D70121 /* AISDataService.m */; };
		BF26D4952010051B00D70121 /* AISLightSaberView.m in Sources */ = {isa = PBXBuildFile; fileRef = BF26D4942010051B00D70121 /* AISLightSaberView.m */; };
		BF26D4A020103FF200D70121 /* AISPrisesPagesViewController.m in Sources */ = {isa = PBXBuildFile; fileRef = BF26D49F20103FF200D70121 /* AISPrisesPagesViewController.m */; };
		BF26D4A32010678C00D70121 /* AISTargetAllocatorHelper.m in Sources */ = {isa = PBXBuildFile; fileRef = BF26D4A22010678C00D70121 /* AISTargetAllocatorHelper.m */; };
		BF26D4A6201067BD00D70121 /* AISRunTarget.m in Sources */ = {isa = PBXBuildFile; fileRef = BF26D4A5201067BD00D70121 /* AISRunTarget.m */; };
		BF2BF7A420178ADA003118F4 /* AISRunTargetAllocatorTest.m in Sources */ = {isa = PBXBuildFile; fileRef = BF2BF7A320178ADA003118F4 /* AISRunTargetAllocatorTest.m */; };
		BF2BF7A620178C4E003118F4 /* AISTargetAllocatorHelperTest.m in Sources */ = {isa = PBXBuildFile; fileRef = BF2BF7A520178C4E003118F4 /* AISTargetAllocatorHelperTest.m */; };
		BF2BF7A82017983A003118F4 /* AISUserDefaultsServiceTest.m in Sources */ = {isa = PBXBuildFile; fileRef = BF2BF7A72017983A003118F4 /* AISUserDefaultsServiceTest.m */; };
		BF2BF7AA201799B7003118F4 /* AISPlayerAudioTest.m in Sources */ = {isa = PBXBuildFile; fileRef = BF2BF7A9201799B7003118F4 /* AISPlayerAudioTest.m */; };
		BF2BF7AD2017C4EA003118F4 /* AISCoreDataStack.m in Sources */ = {isa = PBXBuildFile; fileRef = BF2BF7AC2017C4EA003118F4 /* AISCoreDataStack.m */; };
		BF2BF7BC2017D3D6003118F4 /* Location+CoreDataClass.m in Sources */ = {isa = PBXBuildFile; fileRef = BF2BF7B62017D3D6003118F4 /* Location+CoreDataClass.m */; };
		BF2BF7BD2017D3D6003118F4 /* Location+CoreDataProperties.m in Sources */ = {isa = PBXBuildFile; fileRef = BF2BF7B72017D3D6003118F4 /* Location+CoreDataProperties.m */; };
		BF2BF7BE2017D3D6003118F4 /* Run+CoreDataClass.m in Sources */ = {isa = PBXBuildFile; fileRef = BF2BF7BA2017D3D6003118F4 /* Run+CoreDataClass.m */; };
		BF2BF7BF2017D3D6003118F4 /* Run+CoreDataProperties.m in Sources */ = {isa = PBXBuildFile; fileRef = BF2BF7BB2017D3D6003118F4 /* Run+CoreDataProperties.m */; };
		BF3065D0200BDBAC00F3058E /* AISBeginRunViewController.m in Sources */ = {isa = PBXBuildFile; fileRef = BF3065CF200BDBAC00F3058E /* AISBeginRunViewController.m */; };
		BF3065E9200C144F00F3058E /* AISCountdownRunMissionViewController.m in Sources */ = {isa = PBXBuildFile; fileRef = BF3065E8200C144F00F3058E /* AISCountdownRunMissionViewController.m */; };
		BF3065EF200CB5BB00F3058E /* AISRunMissionMapViewController.m in Sources */ = {isa = PBXBuildFile; fileRef = BF3065EE200CB5BB00F3058E /* AISRunMissionMapViewController.m */; };
		BF3065F2200CB7FA00F3058E /* AISRunMissionCharacteristicsViewController.m in Sources */ = {isa = PBXBuildFile; fileRef = BF3065F1200CB7FA00F3058E /* AISRunMissionCharacteristicsViewController.m */; };
		BF3065F9200D3B0700F3058E /* AISTranslationUnitsModel.m in Sources */ = {isa = PBXBuildFile; fileRef = BF3065F8200D3B0700F3058E /* AISTranslationUnitsModel.m */; };
		BF39BC23201649F700919F1D /* AISPrisesDescription.m in Sources */ = {isa = PBXBuildFile; fileRef = BF39BC22201649F700919F1D /* AISPrisesDescription.m */; };
		BF39BC27201659C500919F1D /* AISDownloadService.m in Sources */ = {isa = PBXBuildFile; fileRef = BF39BC26201659C500919F1D /* AISDownloadService.m */; };
		BF39BC2E201679C000919F1D /* AISPathHelperModel.m in Sources */ = {isa = PBXBuildFile; fileRef = BF39BC2D201679C000919F1D /* AISPathHelperModel.m */; };
		BF39BC402016A29F00919F1D /* AISCharacteristicViewConfigurator.m in Sources */ = {isa = PBXBuildFile; fileRef = BF39BC3F2016A29F00919F1D /* AISCharacteristicViewConfigurator.m */; };
		BF39BC4620176E2300919F1D /* AISPathHelperModelTest.m in Sources */ = {isa = PBXBuildFile; fileRef = BF39BC4520176E2300919F1D /* AISPathHelperModelTest.m */; };
		BF39BC48201775AC00919F1D /* AISTranslationUnitModelTest.m in Sources */ = {isa = PBXBuildFile; fileRef = BF39BC47201775AC00919F1D /* AISTranslationUnitModelTest.m */; };
		BF4CE99720124F97000BEC8A /* AISCustomRunView.m in Sources */ = {isa = PBXBuildFile; fileRef = BF4CE99620124F97000BEC8A /* AISCustomRunView.m */; };
		BF4CE9A920128901000BEC8A /* AISRunTargetTest.m in Sources */ = {isa = PBXBuildFile; fileRef = BF4CE9A820128901000BEC8A /* AISRunTargetTest.m */; };
		BF4CE9FC2012F52B000BEC8A /* AISTypeOfPersonViewController.m in Sources */ = {isa = PBXBuildFile; fileRef = BF4CE9FB2012F52B000BEC8A /* AISTypeOfPersonViewController.m */; };
		BF4CE9FF2012F575000BEC8A /* AISCaharcterSW.m in Sources */ = {isa = PBXBuildFile; fileRef = BF4CE9FE2012F575000BEC8A /* AISCaharcterSW.m */; };
		BF4CEA022012F6E8000BEC8A /* AISHelperForCharactersSW.m in Sources */ = {isa = PBXBuildFile; fileRef = BF4CEA012012F6E8000BEC8A /* AISHelperForCharactersSW.m */; };
		BF7D3479200E2837007D33B2 /* AISMainViewTabbarController.m in Sources */ = {isa = PBXBuildFile; fileRef = BF7D3478200E2837007D33B2 /* AISMainViewTabbarController.m */; };
		BF7D3482200E2A3F007D33B2 /* AISStatsViewController.m in Sources */ = {isa = PBXBuildFile; fileRef = BF7D3481200E2A3F007D33B2 /* AISStatsViewController.m */; };
		BF7D3485200E36C4007D33B2 /* AISStatsTableViewCell.m in Sources */ = {isa = PBXBuildFile; fileRef = BF7D3484200E36C4007D33B2 /* AISStatsTableViewCell.m */; };
		BF83EE1B2008B0F3000EBA5C /* AppDelegate.m in Sources */ = {isa = PBXBuildFile; fileRef = BF83EE1A2008B0F3000EBA5C /* AppDelegate.m */; };
		BF83EE242008B0F3000EBA5C /* RunQuestAI.xcdatamodeld in Sources */ = {isa = PBXBuildFile; fileRef = BF83EE222008B0F3000EBA5C /* RunQuestAI.xcdatamodeld */; };
		BF83EE262008B0F3000EBA5C /* Assets.xcassets in Resources */ = {isa = PBXBuildFile; fileRef = BF83EE252008B0F3000EBA5C /* Assets.xcassets */; };
		BF83EE292008B0F3000EBA5C /* LaunchScreen.storyboard in Resources */ = {isa = PBXBuildFile; fileRef = BF83EE272008B0F3000EBA5C /* LaunchScreen.storyboard */; };
		BF83EE2C2008B0F3000EBA5C /* main.m in Sources */ = {isa = PBXBuildFile; fileRef = BF83EE2B2008B0F3000EBA5C /* main.m */; };
		BF83EE362008B0F3000EBA5C /* RunQuestAITests.m in Sources */ = {isa = PBXBuildFile; fileRef = BF83EE352008B0F3000EBA5C /* RunQuestAITests.m */; };
		BF83EE412008B0F3000EBA5C /* RunQuestAIUITests.m in Sources */ = {isa = PBXBuildFile; fileRef = BF83EE402008B0F3000EBA5C /* RunQuestAIUITests.m */; };
		BFBE0CBF200E8D9500C3F019 /* AISRunStaticsViewController.m in Sources */ = {isa = PBXBuildFile; fileRef = BFBE0CBE200E8D9500C3F019 /* AISRunStaticsViewController.m */; };
		BFC1615820114D6900EF12BC /* AISSystemSpeaker.m in Sources */ = {isa = PBXBuildFile; fileRef = BFC1615720114D6900EF12BC /* AISSystemSpeaker.m */; };
		BFC1615B20115B6500EF12BC /* AISRealVoicesPlayer.m in Sources */ = {isa = PBXBuildFile; fileRef = BFC1615A20115B6500EF12BC /* AISRealVoicesPlayer.m */; };
		BFC16169201167D500EF12BC /* TimeToRun.m4a in Resources */ = {isa = PBXBuildFile; fileRef = BFC1615C20115D0C00EF12BC /* TimeToRun.m4a */; };
		C82BCEEF8976D05F5394DA73 /* libPods-RunQuestAITests.a in Frameworks */ = {isa = PBXBuildFile; fileRef = 909BB1A7FBEF79C4DB2A1491 /* libPods-RunQuestAITests.a */; };
		F40323E5C36EC69FB2C16380 /* libPods-RunQuestAI.a in Frameworks */ = {isa = PBXBuildFile; fileRef = 9FB3329CECEDB84AFB247AFE /* libPods-RunQuestAI.a */; };
/* End PBXBuildFile section */

/* Begin PBXContainerItemProxy section */
		BF83EE322008B0F3000EBA5C /* PBXContainerItemProxy */ = {
			isa = PBXContainerItemProxy;
			containerPortal = BF83EE0E2008B0F3000EBA5C /* Project object */;
			proxyType = 1;
			remoteGlobalIDString = BF83EE152008B0F3000EBA5C;
			remoteInfo = RunQuestAI;
		};
		BF83EE3D2008B0F3000EBA5C /* PBXContainerItemProxy */ = {
			isa = PBXContainerItemProxy;
			containerPortal = BF83EE0E2008B0F3000EBA5C /* Project object */;
			proxyType = 1;
			remoteGlobalIDString = BF83EE152008B0F3000EBA5C;
			remoteInfo = RunQuestAI;
		};
/* End PBXContainerItemProxy section */

/* Begin PBXFileReference section */
		05691F8E0C67F5DC9EF60BFB /* libPods-RunQuestAIUITests.a */ = {isa = PBXFileReference; explicitFileType = archive.ar; includeInIndex = 0; path = "libPods-RunQuestAIUITests.a"; sourceTree = BUILT_PRODUCTS_DIR; };
		43E90E808D27D223DCDA5D0A /* Pods-RunQuestAITests.release.xcconfig */ = {isa = PBXFileReference; includeInIndex = 1; lastKnownFileType = text.xcconfig; name = "Pods-RunQuestAITests.release.xcconfig"; path = "Pods/Target Support Files/Pods-RunQuestAITests/Pods-RunQuestAITests.release.xcconfig"; sourceTree = "<group>"; };
		61D7A8DE3924531802539768 /* Pods-RunQuestAI.debug.xcconfig */ = {isa = PBXFileReference; includeInIndex = 1; lastKnownFileType = text.xcconfig; name = "Pods-RunQuestAI.debug.xcconfig"; path = "Pods/Target Support Files/Pods-RunQuestAI/Pods-RunQuestAI.debug.xcconfig"; sourceTree = "<group>"; };
		72ED9C532FF017944AB14B42 /* Pods-RunQuestAI.release.xcconfig */ = {isa = PBXFileReference; includeInIndex = 1; lastKnownFileType = text.xcconfig; name = "Pods-RunQuestAI.release.xcconfig"; path = "Pods/Target Support Files/Pods-RunQuestAI/Pods-RunQuestAI.release.xcconfig"; sourceTree = "<group>"; };
		909BB1A7FBEF79C4DB2A1491 /* libPods-RunQuestAITests.a */ = {isa = PBXFileReference; explicitFileType = archive.ar; includeInIndex = 0; path = "libPods-RunQuestAITests.a"; sourceTree = BUILT_PRODUCTS_DIR; };
		9FB3329CECEDB84AFB247AFE /* libPods-RunQuestAI.a */ = {isa = PBXFileReference; explicitFileType = archive.ar; includeInIndex = 0; path = "libPods-RunQuestAI.a"; sourceTree = BUILT_PRODUCTS_DIR; };
		B06C476CA1D0A4169831ED01 /* Pods-RunQuestAIUITests.release.xcconfig */ = {isa = PBXFileReference; includeInIndex = 1; lastKnownFileType = text.xcconfig; name = "Pods-RunQuestAIUITests.release.xcconfig"; path = "Pods/Target Support Files/Pods-RunQuestAIUITests/Pods-RunQuestAIUITests.release.xcconfig"; sourceTree = "<group>"; };
		B880ABE2B79798E47AE25DB4 /* Pods-RunQuestAIUITests.debug.xcconfig */ = {isa = PBXFileReference; includeInIndex = 1; lastKnownFileType = text.xcconfig; name = "Pods-RunQuestAIUITests.debug.xcconfig"; path = "Pods/Target Support Files/Pods-RunQuestAIUITests/Pods-RunQuestAIUITests.debug.xcconfig"; sourceTree = "<group>"; };
		BF26D481200F893200D70121 /* AISUserDefaultsService.h */ = {isa = PBXFileReference; lastKnownFileType = sourcecode.c.h; path = AISUserDefaultsService.h; sourceTree = "<group>"; };
		BF26D482200F893200D70121 /* AISUserDefaultsService.m */ = {isa = PBXFileReference; lastKnownFileType = sourcecode.c.objc; path = AISUserDefaultsService.m; sourceTree = "<group>"; };
		BF26D485200F970900D70121 /* AISPrisesCollectionViewController.h */ = {isa = PBXFileReference; lastKnownFileType = sourcecode.c.h; path = AISPrisesCollectionViewController.h; sourceTree = "<group>"; };
		BF26D486200F970900D70121 /* AISPrisesCollectionViewController.m */ = {isa = PBXFileReference; lastKnownFileType = sourcecode.c.objc; path = AISPrisesCollectionViewController.m; sourceTree = "<group>"; };
		BF26D48C200F9BF300D70121 /* AISPrisesCollectionViewCell.h */ = {isa = PBXFileReference; lastKnownFileType = sourcecode.c.h; path = AISPrisesCollectionViewCell.h; sourceTree = "<group>"; };
		BF26D48D200F9BF300D70121 /* AISPrisesCollectionViewCell.m */ = {isa = PBXFileReference; lastKnownFileType = sourcecode.c.objc; path = AISPrisesCollectionViewCell.m; sourceTree = "<group>"; };
		BF26D490200FDEB900D70121 /* AISDataService.h */ = {isa = PBXFileReference; lastKnownFileType = sourcecode.c.h; path = AISDataService.h; sourceTree = "<group>"; };
		BF26D491200FDEB900D70121 /* AISDataService.m */ = {isa = PBXFileReference; lastKnownFileType = sourcecode.c.objc; path = AISDataService.m; sourceTree = "<group>"; };
		BF26D4932010051B00D70121 /* AISLightSaberView.h */ = {isa = PBXFileReference; lastKnownFileType = sourcecode.c.h; path = AISLightSaberView.h; sourceTree = "<group>"; };
		BF26D4942010051B00D70121 /* AISLightSaberView.m */ = {isa = PBXFileReference; lastKnownFileType = sourcecode.c.objc; path = AISLightSaberView.m; sourceTree = "<group>"; };
		BF26D49E20103FF200D70121 /* AISPrisesPagesViewController.h */ = {isa = PBXFileReference; lastKnownFileType = sourcecode.c.h; path = AISPrisesPagesViewController.h; sourceTree = "<group>"; };
		BF26D49F20103FF200D70121 /* AISPrisesPagesViewController.m */ = {isa = PBXFileReference; lastKnownFileType = sourcecode.c.objc; path = AISPrisesPagesViewController.m; sourceTree = "<group>"; };
		BF26D4A12010678C00D70121 /* AISTargetAllocatorHelper.h */ = {isa = PBXFileReference; lastKnownFileType = sourcecode.c.h; path = AISTargetAllocatorHelper.h; sourceTree = "<group>"; };
		BF26D4A22010678C00D70121 /* AISTargetAllocatorHelper.m */ = {isa = PBXFileReference; lastKnownFileType = sourcecode.c.objc; path = AISTargetAllocatorHelper.m; sourceTree = "<group>"; };
		BF26D4A4201067BD00D70121 /* AISRunTarget.h */ = {isa = PBXFileReference; lastKnownFileType = sourcecode.c.h; path = AISRunTarget.h; sourceTree = "<group>"; };
		BF26D4A5201067BD00D70121 /* AISRunTarget.m */ = {isa = PBXFileReference; lastKnownFileType = sourcecode.c.objc; path = AISRunTarget.m; sourceTree = "<group>"; };
		BF2BF7A320178ADA003118F4 /* AISRunTargetAllocatorTest.m */ = {isa = PBXFileReference; lastKnownFileType = sourcecode.c.objc; path = AISRunTargetAllocatorTest.m; sourceTree = "<group>"; };
		BF2BF7A520178C4E003118F4 /* AISTargetAllocatorHelperTest.m */ = {isa = PBXFileReference; lastKnownFileType = sourcecode.c.objc; path = AISTargetAllocatorHelperTest.m; sourceTree = "<group>"; };
		BF2BF7A72017983A003118F4 /* AISUserDefaultsServiceTest.m */ = {isa = PBXFileReference; lastKnownFileType = sourcecode.c.objc; path = AISUserDefaultsServiceTest.m; sourceTree = "<group>"; };
		BF2BF7A9201799B7003118F4 /* AISPlayerAudioTest.m */ = {isa = PBXFileReference; lastKnownFileType = sourcecode.c.objc; path = AISPlayerAudioTest.m; sourceTree = "<group>"; };
		BF2BF7AB2017C4EA003118F4 /* AISCoreDataStack.h */ = {isa = PBXFileReference; lastKnownFileType = sourcecode.c.h; path = AISCoreDataStack.h; sourceTree = "<group>"; };
		BF2BF7AC2017C4EA003118F4 /* AISCoreDataStack.m */ = {isa = PBXFileReference; lastKnownFileType = sourcecode.c.objc; path = AISCoreDataStack.m; sourceTree = "<group>"; };
		BF2BF7B42017D3D6003118F4 /* Location+CoreDataProperties.h */ = {isa = PBXFileReference; lastKnownFileType = sourcecode.c.h; path = "Location+CoreDataProperties.h"; sourceTree = "<group>"; };
		BF2BF7B52017D3D6003118F4 /* Location+CoreDataClass.h */ = {isa = PBXFileReference; lastKnownFileType = sourcecode.c.h; path = "Location+CoreDataClass.h"; sourceTree = "<group>"; };
		BF2BF7B62017D3D6003118F4 /* Location+CoreDataClass.m */ = {isa = PBXFileReference; lastKnownFileType = sourcecode.c.objc; path = "Location+CoreDataClass.m"; sourceTree = "<group>"; };
		BF2BF7B72017D3D6003118F4 /* Location+CoreDataProperties.m */ = {isa = PBXFileReference; lastKnownFileType = sourcecode.c.objc; path = "Location+CoreDataProperties.m"; sourceTree = "<group>"; };
		BF2BF7B82017D3D6003118F4 /* Run+CoreDataProperties.h */ = {isa = PBXFileReference; lastKnownFileType = sourcecode.c.h; path = "Run+CoreDataProperties.h"; sourceTree = "<group>"; };
		BF2BF7B92017D3D6003118F4 /* Run+CoreDataClass.h */ = {isa = PBXFileReference; lastKnownFileType = sourcecode.c.h; path = "Run+CoreDataClass.h"; sourceTree = "<group>"; };
		BF2BF7BA2017D3D6003118F4 /* Run+CoreDataClass.m */ = {isa = PBXFileReference; lastKnownFileType = sourcecode.c.objc; path = "Run+CoreDataClass.m"; sourceTree = "<group>"; };
		BF2BF7BB2017D3D6003118F4 /* Run+CoreDataProperties.m */ = {isa = PBXFileReference; lastKnownFileType = sourcecode.c.objc; path = "Run+CoreDataProperties.m"; sourceTree = "<group>"; };
		BF3065CE200BDBAC00F3058E /* AISBeginRunViewController.h */ = {isa = PBXFileReference; lastKnownFileType = sourcecode.c.h; path = AISBeginRunViewController.h; sourceTree = "<group>"; };
		BF3065CF200BDBAC00F3058E /* AISBeginRunViewController.m */ = {isa = PBXFileReference; lastKnownFileType = sourcecode.c.objc; path = AISBeginRunViewController.m; sourceTree = "<group>"; };
		BF3065E7200C144F00F3058E /* AISCountdownRunMissionViewController.h */ = {isa = PBXFileReference; lastKnownFileType = sourcecode.c.h; path = AISCountdownRunMissionViewController.h; sourceTree = "<group>"; };
		BF3065E8200C144F00F3058E /* AISCountdownRunMissionViewController.m */ = {isa = PBXFileReference; lastKnownFileType = sourcecode.c.objc; path = AISCountdownRunMissionViewController.m; sourceTree = "<group>"; };
		BF3065ED200CB5BB00F3058E /* AISRunMissionMapViewController.h */ = {isa = PBXFileReference; lastKnownFileType = sourcecode.c.h; path = AISRunMissionMapViewController.h; sourceTree = "<group>"; };
		BF3065EE200CB5BB00F3058E /* AISRunMissionMapViewController.m */ = {isa = PBXFileReference; lastKnownFileType = sourcecode.c.objc; path = AISRunMissionMapViewController.m; sourceTree = "<group>"; };
		BF3065F0200CB7FA00F3058E /* AISRunMissionCharacteristicsViewController.h */ = {isa = PBXFileReference; lastKnownFileType = sourcecode.c.h; path = AISRunMissionCharacteristicsViewController.h; sourceTree = "<group>"; };
		BF3065F1200CB7FA00F3058E /* AISRunMissionCharacteristicsViewController.m */ = {isa = PBXFileReference; lastKnownFileType = sourcecode.c.objc; path = AISRunMissionCharacteristicsViewController.m; sourceTree = "<group>"; };
		BF3065F7200D3B0700F3058E /* AISTranslationUnitsModel.h */ = {isa = PBXFileReference; lastKnownFileType = sourcecode.c.h; path = AISTranslationUnitsModel.h; sourceTree = "<group>"; };
		BF3065F8200D3B0700F3058E /* AISTranslationUnitsModel.m */ = {isa = PBXFileReference; lastKnownFileType = sourcecode.c.objc; path = AISTranslationUnitsModel.m; sourceTree = "<group>"; };
		BF39BC21201649F700919F1D /* AISPrisesDescription.h */ = {isa = PBXFileReference; lastKnownFileType = sourcecode.c.h; path = AISPrisesDescription.h; sourceTree = "<group>"; };
		BF39BC22201649F700919F1D /* AISPrisesDescription.m */ = {isa = PBXFileReference; lastKnownFileType = sourcecode.c.objc; path = AISPrisesDescription.m; sourceTree = "<group>"; };
		BF39BC25201659C500919F1D /* AISDownloadService.h */ = {isa = PBXFileReference; lastKnownFileType = sourcecode.c.h; path = AISDownloadService.h; sourceTree = "<group>"; };
		BF39BC26201659C500919F1D /* AISDownloadService.m */ = {isa = PBXFileReference; lastKnownFileType = sourcecode.c.objc; path = AISDownloadService.m; sourceTree = "<group>"; };
		BF39BC2820165A5500919F1D /* AISDownloadServiceDelegate.h */ = {isa = PBXFileReference; lastKnownFileType = sourcecode.c.h; path = AISDownloadServiceDelegate.h; sourceTree = "<group>"; };
		BF39BC2C201679C000919F1D /* AISPathHelperModel.h */ = {isa = PBXFileReference; lastKnownFileType = sourcecode.c.h; path = AISPathHelperModel.h; sourceTree = "<group>"; };
		BF39BC2D201679C000919F1D /* AISPathHelperModel.m */ = {isa = PBXFileReference; lastKnownFileType = sourcecode.c.objc; path = AISPathHelperModel.m; sourceTree = "<group>"; };
		BF39BC3E2016A29F00919F1D /* AISCharacteristicViewConfigurator.h */ = {isa = PBXFileReference; lastKnownFileType = sourcecode.c.h; path = AISCharacteristicViewConfigurator.h; sourceTree = "<group>"; };
		BF39BC3F2016A29F00919F1D /* AISCharacteristicViewConfigurator.m */ = {isa = PBXFileReference; lastKnownFileType = sourcecode.c.objc; path = AISCharacteristicViewConfigurator.m; sourceTree = "<group>"; };
		BF39BC412016A98600919F1D /* AISConfiguratorProtocolDelegate.h */ = {isa = PBXFileReference; lastKnownFileType = sourcecode.c.h; path = AISConfiguratorProtocolDelegate.h; sourceTree = "<group>"; };
		BF39BC4520176E2300919F1D /* AISPathHelperModelTest.m */ = {isa = PBXFileReference; lastKnownFileType = sourcecode.c.objc; path = AISPathHelperModelTest.m; sourceTree = "<group>"; };
		BF39BC47201775AC00919F1D /* AISTranslationUnitModelTest.m */ = {isa = PBXFileReference; lastKnownFileType = sourcecode.c.objc; path = AISTranslationUnitModelTest.m; sourceTree = "<group>"; };
		BF4CE99520124F97000BEC8A /* AISCustomRunView.h */ = {isa = PBXFileReference; lastKnownFileType = sourcecode.c.h; path = AISCustomRunView.h; sourceTree = "<group>"; };
		BF4CE99620124F97000BEC8A /* AISCustomRunView.m */ = {isa = PBXFileReference; lastKnownFileType = sourcecode.c.objc; path = AISCustomRunView.m; sourceTree = "<group>"; };
		BF4CE9A820128901000BEC8A /* AISRunTargetTest.m */ = {isa = PBXFileReference; lastKnownFileType = sourcecode.c.objc; path = AISRunTargetTest.m; sourceTree = "<group>"; };
		BF4CE9FA2012F52B000BEC8A /* AISTypeOfPersonViewController.h */ = {isa = PBXFileReference; lastKnownFileType = sourcecode.c.h; path = AISTypeOfPersonViewController.h; sourceTree = "<group>"; };
		BF4CE9FB2012F52B000BEC8A /* AISTypeOfPersonViewController.m */ = {isa = PBXFileReference; lastKnownFileType = sourcecode.c.objc; path = AISTypeOfPersonViewController.m; sourceTree = "<group>"; };
		BF4CE9FD2012F575000BEC8A /* AISCaharcterSW.h */ = {isa = PBXFileReference; lastKnownFileType = sourcecode.c.h; path = AISCaharcterSW.h; sourceTree = "<group>"; };
		BF4CE9FE2012F575000BEC8A /* AISCaharcterSW.m */ = {isa = PBXFileReference; lastKnownFileType = sourcecode.c.objc; path = AISCaharcterSW.m; sourceTree = "<group>"; };
		BF4CEA002012F6E8000BEC8A /* AISHelperForCharactersSW.h */ = {isa = PBXFileReference; lastKnownFileType = sourcecode.c.h; path = AISHelperForCharactersSW.h; sourceTree = "<group>"; };
		BF4CEA012012F6E8000BEC8A /* AISHelperForCharactersSW.m */ = {isa = PBXFileReference; lastKnownFileType = sourcecode.c.objc; path = AISHelperForCharactersSW.m; sourceTree = "<group>"; };
		BF7D3477200E2837007D33B2 /* AISMainViewTabbarController.h */ = {isa = PBXFileReference; lastKnownFileType = sourcecode.c.h; path = AISMainViewTabbarController.h; sourceTree = "<group>"; };
		BF7D3478200E2837007D33B2 /* AISMainViewTabbarController.m */ = {isa = PBXFileReference; lastKnownFileType = sourcecode.c.objc; path = AISMainViewTabbarController.m; sourceTree = "<group>"; };
		BF7D3480200E2A3F007D33B2 /* AISStatsViewController.h */ = {isa = PBXFileReference; lastKnownFileType = sourcecode.c.h; path = AISStatsViewController.h; sourceTree = "<group>"; };
		BF7D3481200E2A3F007D33B2 /* AISStatsViewController.m */ = {isa = PBXFileReference; lastKnownFileType = sourcecode.c.objc; path = AISStatsViewController.m; sourceTree = "<group>"; };
		BF7D3483200E36C4007D33B2 /* AISStatsTableViewCell.h */ = {isa = PBXFileReference; lastKnownFileType = sourcecode.c.h; path = AISStatsTableViewCell.h; sourceTree = "<group>"; };
		BF7D3484200E36C4007D33B2 /* AISStatsTableViewCell.m */ = {isa = PBXFileReference; lastKnownFileType = sourcecode.c.objc; path = AISStatsTableViewCell.m; sourceTree = "<group>"; };
		BF83EE162008B0F3000EBA5C /* RunQuestAI.app */ = {isa = PBXFileReference; explicitFileType = wrapper.application; includeInIndex = 0; path = RunQuestAI.app; sourceTree = BUILT_PRODUCTS_DIR; };
		BF83EE192008B0F3000EBA5C /* AppDelegate.h */ = {isa = PBXFileReference; lastKnownFileType = sourcecode.c.h; path = AppDelegate.h; sourceTree = "<group>"; };
		BF83EE1A2008B0F3000EBA5C /* AppDelegate.m */ = {isa = PBXFileReference; lastKnownFileType = sourcecode.c.objc; path = AppDelegate.m; sourceTree = "<group>"; };
		BF83EE232008B0F3000EBA5C /* RunQuestAI.xcdatamodel */ = {isa = PBXFileReference; lastKnownFileType = wrapper.xcdatamodel; path = RunQuestAI.xcdatamodel; sourceTree = "<group>"; };
		BF83EE252008B0F3000EBA5C /* Assets.xcassets */ = {isa = PBXFileReference; lastKnownFileType = folder.assetcatalog; path = Assets.xcassets; sourceTree = "<group>"; };
		BF83EE282008B0F3000EBA5C /* Base */ = {isa = PBXFileReference; lastKnownFileType = file.storyboard; name = Base; path = Base.lproj/LaunchScreen.storyboard; sourceTree = "<group>"; };
		BF83EE2A2008B0F3000EBA5C /* Info.plist */ = {isa = PBXFileReference; lastKnownFileType = text.plist.xml; path = Info.plist; sourceTree = "<group>"; };
		BF83EE2B2008B0F3000EBA5C /* main.m */ = {isa = PBXFileReference; lastKnownFileType = sourcecode.c.objc; path = main.m; sourceTree = "<group>"; };
		BF83EE312008B0F3000EBA5C /* RunQuestAITests.xctest */ = {isa = PBXFileReference; explicitFileType = wrapper.cfbundle; includeInIndex = 0; path = RunQuestAITests.xctest; sourceTree = BUILT_PRODUCTS_DIR; };
		BF83EE352008B0F3000EBA5C /* RunQuestAITests.m */ = {isa = PBXFileReference; lastKnownFileType = sourcecode.c.objc; path = RunQuestAITests.m; sourceTree = "<group>"; };
		BF83EE372008B0F3000EBA5C /* Info.plist */ = {isa = PBXFileReference; lastKnownFileType = text.plist.xml; path = Info.plist; sourceTree = "<group>"; };
		BF83EE3C2008B0F3000EBA5C /* RunQuestAIUITests.xctest */ = {isa = PBXFileReference; explicitFileType = wrapper.cfbundle; includeInIndex = 0; path = RunQuestAIUITests.xctest; sourceTree = BUILT_PRODUCTS_DIR; };
		BF83EE402008B0F3000EBA5C /* RunQuestAIUITests.m */ = {isa = PBXFileReference; lastKnownFileType = sourcecode.c.objc; path = RunQuestAIUITests.m; sourceTree = "<group>"; };
		BF83EE422008B0F3000EBA5C /* Info.plist */ = {isa = PBXFileReference; lastKnownFileType = text.plist.xml; path = Info.plist; sourceTree = "<group>"; };
		BFBE0CBD200E8D9500C3F019 /* AISRunStaticsViewController.h */ = {isa = PBXFileReference; lastKnownFileType = sourcecode.c.h; path = AISRunStaticsViewController.h; sourceTree = "<group>"; };
		BFBE0CBE200E8D9500C3F019 /* AISRunStaticsViewController.m */ = {isa = PBXFileReference; lastKnownFileType = sourcecode.c.objc; path = AISRunStaticsViewController.m; sourceTree = "<group>"; };
		BFC1615620114D6900EF12BC /* AISSystemSpeaker.h */ = {isa = PBXFileReference; lastKnownFileType = sourcecode.c.h; path = AISSystemSpeaker.h; sourceTree = "<group>"; };
		BFC1615720114D6900EF12BC /* AISSystemSpeaker.m */ = {isa = PBXFileReference; lastKnownFileType = sourcecode.c.objc; path = AISSystemSpeaker.m; sourceTree = "<group>"; };
		BFC1615920115B6500EF12BC /* AISRealVoicesPlayer.h */ = {isa = PBXFileReference; lastKnownFileType = sourcecode.c.h; path = AISRealVoicesPlayer.h; sourceTree = "<group>"; };
		BFC1615A20115B6500EF12BC /* AISRealVoicesPlayer.m */ = {isa = PBXFileReference; lastKnownFileType = sourcecode.c.objc; path = AISRealVoicesPlayer.m; sourceTree = "<group>"; };
		BFC1615C20115D0C00EF12BC /* TimeToRun.m4a */ = {isa = PBXFileReference; lastKnownFileType = file; path = TimeToRun.m4a; sourceTree = "<group>"; };
		DE88160992FC2299B437EEDB /* Pods-RunQuestAITests.debug.xcconfig */ = {isa = PBXFileReference; includeInIndex = 1; lastKnownFileType = text.xcconfig; name = "Pods-RunQuestAITests.debug.xcconfig"; path = "Pods/Target Support Files/Pods-RunQuestAITests/Pods-RunQuestAITests.debug.xcconfig"; sourceTree = "<group>"; };
/* End PBXFileReference section */

/* Begin PBXFrameworksBuildPhase section */
		BF83EE132008B0F3000EBA5C /* Frameworks */ = {
			isa = PBXFrameworksBuildPhase;
			buildActionMask = 2147483647;
			files = (
				F40323E5C36EC69FB2C16380 /* libPods-RunQuestAI.a in Frameworks */,
			);
			runOnlyForDeploymentPostprocessing = 0;
		};
		BF83EE2E2008B0F3000EBA5C /* Frameworks */ = {
			isa = PBXFrameworksBuildPhase;
			buildActionMask = 2147483647;
			files = (
				C82BCEEF8976D05F5394DA73 /* libPods-RunQuestAITests.a in Frameworks */,
			);
			runOnlyForDeploymentPostprocessing = 0;
		};
		BF83EE392008B0F3000EBA5C /* Frameworks */ = {
			isa = PBXFrameworksBuildPhase;
			buildActionMask = 2147483647;
			files = (
				2571F50F076404FF33C9E73A /* libPods-RunQuestAIUITests.a in Frameworks */,
			);
			runOnlyForDeploymentPostprocessing = 0;
		};
/* End PBXFrameworksBuildPhase section */

/* Begin PBXGroup section */
		10080234152BC343C3985FD4 /* Frameworks */ = {
			isa = PBXGroup;
			children = (
				9FB3329CECEDB84AFB247AFE /* libPods-RunQuestAI.a */,
				909BB1A7FBEF79C4DB2A1491 /* libPods-RunQuestAITests.a */,
				05691F8E0C67F5DC9EF60BFB /* libPods-RunQuestAIUITests.a */,
			);
			name = Frameworks;
			sourceTree = "<group>";
		};
		BF26D484200F915F00D70121 /* AISModelHelpers */ = {
			isa = PBXGroup;
			children = (
				BF26D481200F893200D70121 /* AISUserDefaultsService.h */,
				BF26D482200F893200D70121 /* AISUserDefaultsService.m */,
			);
			path = AISModelHelpers;
			sourceTree = "<group>";
		};
		BF26D48B200F990A00D70121 /* PisesCollectionViewControllers */ = {
			isa = PBXGroup;
			children = (
				BF39BC2420164DBF00919F1D /* AISHelperForPrises */,
				BF4CE9BB20128F0B000BEC8A /* PrisesPageViewController */,
				BF26D485200F970900D70121 /* AISPrisesCollectionViewController.h */,
				BF26D486200F970900D70121 /* AISPrisesCollectionViewController.m */,
				BF4CE9FA2012F52B000BEC8A /* AISTypeOfPersonViewController.h */,
				BF4CE9FB2012F52B000BEC8A /* AISTypeOfPersonViewController.m */,
				BF26D48C200F9BF300D70121 /* AISPrisesCollectionViewCell.h */,
				BF26D48D200F9BF300D70121 /* AISPrisesCollectionViewCell.m */,
			);
			path = PisesCollectionViewControllers;
			sourceTree = "<group>";
		};
		BF26D48F200F9E6000D70121 /* MainScreen */ = {
			isa = PBXGroup;
			children = (
				BF7D3477200E2837007D33B2 /* AISMainViewTabbarController.h */,
				BF7D3478200E2837007D33B2 /* AISMainViewTabbarController.m */,
			);
			path = MainScreen;
			sourceTree = "<group>";
		};
		BF26D4AA2010698900D70121 /* AISTargetModel */ = {
			isa = PBXGroup;
			children = (
				BF26D4A12010678C00D70121 /* AISTargetAllocatorHelper.h */,
				BF26D4A22010678C00D70121 /* AISTargetAllocatorHelper.m */,
				BF26D4A4201067BD00D70121 /* AISRunTarget.h */,
				BF26D4A5201067BD00D70121 /* AISRunTarget.m */,
			);
			path = AISTargetModel;
			sourceTree = "<group>";
		};
		BF2BF7C02017D42A003118F4 /* CoreDataInstances */ = {
			isa = PBXGroup;
			children = (
				BF2BF7B42017D3D6003118F4 /* Location+CoreDataProperties.h */,
				BF2BF7B52017D3D6003118F4 /* Location+CoreDataClass.h */,
				BF2BF7B62017D3D6003118F4 /* Location+CoreDataClass.m */,
				BF2BF7B72017D3D6003118F4 /* Location+CoreDataProperties.m */,
				BF2BF7B82017D3D6003118F4 /* Run+CoreDataProperties.h */,
				BF2BF7B92017D3D6003118F4 /* Run+CoreDataClass.h */,
				BF2BF7BA2017D3D6003118F4 /* Run+CoreDataClass.m */,
				BF2BF7BB2017D3D6003118F4 /* Run+CoreDataProperties.m */,
			);
			path = CoreDataInstances;
			sourceTree = "<group>";
		};
		BF3065D1200C022300F3058E /* model */ = {
			isa = PBXGroup;
			children = (
				BF39BC2C201679C000919F1D /* AISPathHelperModel.h */,
				BF39BC2D201679C000919F1D /* AISPathHelperModel.m */,
				BF39BC2B2016698900919F1D /* AISDownloadService */,
				BF4CE9F72012E37B000BEC8A /* AISSpeakerModel */,
				BF26D484200F915F00D70121 /* AISModelHelpers */,
				BF26D4AA2010698900D70121 /* AISTargetModel */,
				BF4CE9AC20128DF7000BEC8A /* CoreDataClasses */,
				BF3065F7200D3B0700F3058E /* AISTranslationUnitsModel.h */,
				BF3065F8200D3B0700F3058E /* AISTranslationUnitsModel.m */,
				BF83EE222008B0F3000EBA5C /* RunQuestAI.xcdatamodeld */,
			);
			path = model;
			sourceTree = "<group>";
		};
		BF39BC2420164DBF00919F1D /* AISHelperForPrises */ = {
			isa = PBXGroup;
			children = (
				BF4CE9FD2012F575000BEC8A /* AISCaharcterSW.h */,
				BF4CE9FE2012F575000BEC8A /* AISCaharcterSW.m */,
				BF4CEA002012F6E8000BEC8A /* AISHelperForCharactersSW.h */,
				BF4CEA012012F6E8000BEC8A /* AISHelperForCharactersSW.m */,
				BF39BC21201649F700919F1D /* AISPrisesDescription.h */,
				BF39BC22201649F700919F1D /* AISPrisesDescription.m */,
			);
			path = AISHelperForPrises;
			sourceTree = "<group>";
		};
		BF39BC2B2016698900919F1D /* AISDownloadService */ = {
			isa = PBXGroup;
			children = (
				BF39BC25201659C500919F1D /* AISDownloadService.h */,
				BF39BC26201659C500919F1D /* AISDownloadService.m */,
				BF39BC2820165A5500919F1D /* AISDownloadServiceDelegate.h */,
			);
			path = AISDownloadService;
			sourceTree = "<group>";
		};
		BF39BC442017287600919F1D /* RunmissionCharacteristicController */ = {
			isa = PBXGroup;
			children = (
				BF39BC412016A98600919F1D /* AISConfiguratorProtocolDelegate.h */,
				BF39BC3E2016A29F00919F1D /* AISCharacteristicViewConfigurator.h */,
				BF39BC3F2016A29F00919F1D /* AISCharacteristicViewConfigurator.m */,
				BF3065F0200CB7FA00F3058E /* AISRunMissionCharacteristicsViewController.h */,
				BF3065F1200CB7FA00F3058E /* AISRunMissionCharacteristicsViewController.m */,
			);
			path = RunmissionCharacteristicController;
			sourceTree = "<group>";
		};
		BF4CE9AA20128DBA000BEC8A /* AppDelegate */ = {
			isa = PBXGroup;
			children = (
				BF83EE192008B0F3000EBA5C /* AppDelegate.h */,
				BF83EE1A2008B0F3000EBA5C /* AppDelegate.m */,
			);
			path = AppDelegate;
			sourceTree = "<group>";
		};
		BF4CE9AB20128DD1000BEC8A /* StarterRunViewControllers */ = {
			isa = PBXGroup;
			children = (
				BF3065CE200BDBAC00F3058E /* AISBeginRunViewController.h */,
				BF3065CF200BDBAC00F3058E /* AISBeginRunViewController.m */,
			);
			path = StarterRunViewControllers;
			sourceTree = "<group>";
		};
		BF4CE9AC20128DF7000BEC8A /* CoreDataClasses */ = {
			isa = PBXGroup;
			children = (
				BF2BF7C02017D42A003118F4 /* CoreDataInstances */,
				BF26D490200FDEB900D70121 /* AISDataService.h */,
				BF26D491200FDEB900D70121 /* AISDataService.m */,
				BF2BF7AB2017C4EA003118F4 /* AISCoreDataStack.h */,
				BF2BF7AC2017C4EA003118F4 /* AISCoreDataStack.m */,
			);
			path = CoreDataClasses;
			sourceTree = "<group>";
		};
		BF4CE9AD20128E18000BEC8A /* StatiscsViewControllers */ = {
			isa = PBXGroup;
			children = (
				BF7D3480200E2A3F007D33B2 /* AISStatsViewController.h */,
				BF7D3481200E2A3F007D33B2 /* AISStatsViewController.m */,
				BFBE0CBD200E8D9500C3F019 /* AISRunStaticsViewController.h */,
				BFBE0CBE200E8D9500C3F019 /* AISRunStaticsViewController.m */,
				BF7D3483200E36C4007D33B2 /* AISStatsTableViewCell.h */,
				BF7D3484200E36C4007D33B2 /* AISStatsTableViewCell.m */,
			);
			path = StatiscsViewControllers;
			sourceTree = "<group>";
		};
		BF4CE9AE20128E3A000BEC8A /* AISCustomViews */ = {
			isa = PBXGroup;
			children = (
				BF26D4932010051B00D70121 /* AISLightSaberView.h */,
				BF26D4942010051B00D70121 /* AISLightSaberView.m */,
				BF4CE99520124F97000BEC8A /* AISCustomRunView.h */,
				BF4CE99620124F97000BEC8A /* AISCustomRunView.m */,
			);
			path = AISCustomViews;
			sourceTree = "<group>";
		};
		BF4CE9BB20128F0B000BEC8A /* PrisesPageViewController */ = {
			isa = PBXGroup;
			children = (
				BF26D49E20103FF200D70121 /* AISPrisesPagesViewController.h */,
				BF26D49F20103FF200D70121 /* AISPrisesPagesViewController.m */,
			);
			path = PrisesPageViewController;
			sourceTree = "<group>";
		};
		BF4CE9BE20128F7D000BEC8A /* AdditionalFiles */ = {
			isa = PBXGroup;
			children = (
				BFC1615C20115D0C00EF12BC /* TimeToRun.m4a */,
			);
			path = AdditionalFiles;
			sourceTree = "<group>";
		};
		BF4CE9BF20128F9E000BEC8A /* ViewControllers */ = {
			isa = PBXGroup;
			children = (
				BF4CE9AB20128DD1000BEC8A /* StarterRunViewControllers */,
				BF26D48B200F990A00D70121 /* PisesCollectionViewControllers */,
				BF7D347A200E28A4007D33B2 /* RunMissionViewControllers */,
				BF26D48F200F9E6000D70121 /* MainScreen */,
				BF4CE9AD20128E18000BEC8A /* StatiscsViewControllers */,
			);
			path = ViewControllers;
			sourceTree = "<group>";
		};
		BF4CE9F72012E37B000BEC8A /* AISSpeakerModel */ = {
			isa = PBXGroup;
			children = (
				BFC1615620114D6900EF12BC /* AISSystemSpeaker.h */,
				BFC1615720114D6900EF12BC /* AISSystemSpeaker.m */,
				BFC1615920115B6500EF12BC /* AISRealVoicesPlayer.h */,
				BFC1615A20115B6500EF12BC /* AISRealVoicesPlayer.m */,
			);
			path = AISSpeakerModel;
			sourceTree = "<group>";
		};
		BF7D347A200E28A4007D33B2 /* RunMissionViewControllers */ = {
			isa = PBXGroup;
			children = (
				BF39BC442017287600919F1D /* RunmissionCharacteristicController */,
				BF3065ED200CB5BB00F3058E /* AISRunMissionMapViewController.h */,
				BF3065EE200CB5BB00F3058E /* AISRunMissionMapViewController.m */,
				BF3065E7200C144F00F3058E /* AISCountdownRunMissionViewController.h */,
				BF3065E8200C144F00F3058E /* AISCountdownRunMissionViewController.m */,
			);
			path = RunMissionViewControllers;
			sourceTree = "<group>";
		};
		BF83EE0D2008B0F3000EBA5C = {
			isa = PBXGroup;
			children = (
				BF83EE182008B0F3000EBA5C /* RunQuestAI */,
				BF83EE342008B0F3000EBA5C /* RunQuestAITests */,
				BF83EE3F2008B0F3000EBA5C /* RunQuestAIUITests */,
				BF83EE172008B0F3000EBA5C /* Products */,
				DE7373A0BFE0DD99B1C02091 /* Pods */,
				10080234152BC343C3985FD4 /* Frameworks */,
			);
			sourceTree = "<group>";
		};
		BF83EE172008B0F3000EBA5C /* Products */ = {
			isa = PBXGroup;
			children = (
				BF83EE162008B0F3000EBA5C /* RunQuestAI.app */,
				BF83EE312008B0F3000EBA5C /* RunQuestAITests.xctest */,
				BF83EE3C2008B0F3000EBA5C /* RunQuestAIUITests.xctest */,
			);
			name = Products;
			sourceTree = "<group>";
		};
		BF83EE182008B0F3000EBA5C /* RunQuestAI */ = {
			isa = PBXGroup;
			children = (
				BF4CE9BE20128F7D000BEC8A /* AdditionalFiles */,
				BF4CE9AA20128DBA000BEC8A /* AppDelegate */,
				BF4CE9BF20128F9E000BEC8A /* ViewControllers */,
				BF4CE9AE20128E3A000BEC8A /* AISCustomViews */,
				BF3065D1200C022300F3058E /* model */,
				BF83EE252008B0F3000EBA5C /* Assets.xcassets */,
				BF83EE272008B0F3000EBA5C /* LaunchScreen.storyboard */,
				BF83EE2A2008B0F3000EBA5C /* Info.plist */,
				BF83EE2B2008B0F3000EBA5C /* main.m */,
			);
			path = RunQuestAI;
			sourceTree = "<group>";
		};
		BF83EE342008B0F3000EBA5C /* RunQuestAITests */ = {
			isa = PBXGroup;
			children = (
				BF2BF7A9201799B7003118F4 /* AISPlayerAudioTest.m */,
				BF2BF7A72017983A003118F4 /* AISUserDefaultsServiceTest.m */,
				BF2BF7A520178C4E003118F4 /* AISTargetAllocatorHelperTest.m */,
				BF2BF7A320178ADA003118F4 /* AISRunTargetAllocatorTest.m */,
				BF39BC47201775AC00919F1D /* AISTranslationUnitModelTest.m */,
				BF39BC4520176E2300919F1D /* AISPathHelperModelTest.m */,
				BF4CE9A820128901000BEC8A /* AISRunTargetTest.m */,
				BF83EE352008B0F3000EBA5C /* RunQuestAITests.m */,
				BF83EE372008B0F3000EBA5C /* Info.plist */,
			);
			path = RunQuestAITests;
			sourceTree = "<group>";
		};
		BF83EE3F2008B0F3000EBA5C /* RunQuestAIUITests */ = {
			isa = PBXGroup;
			children = (
				BF83EE402008B0F3000EBA5C /* RunQuestAIUITests.m */,
				BF83EE422008B0F3000EBA5C /* Info.plist */,
			);
			path = RunQuestAIUITests;
			sourceTree = "<group>";
		};
		DE7373A0BFE0DD99B1C02091 /* Pods */ = {
			isa = PBXGroup;
			children = (
				61D7A8DE3924531802539768 /* Pods-RunQuestAI.debug.xcconfig */,
				72ED9C532FF017944AB14B42 /* Pods-RunQuestAI.release.xcconfig */,
				DE88160992FC2299B437EEDB /* Pods-RunQuestAITests.debug.xcconfig */,
				43E90E808D27D223DCDA5D0A /* Pods-RunQuestAITests.release.xcconfig */,
				B880ABE2B79798E47AE25DB4 /* Pods-RunQuestAIUITests.debug.xcconfig */,
				B06C476CA1D0A4169831ED01 /* Pods-RunQuestAIUITests.release.xcconfig */,
			);
			name = Pods;
			sourceTree = "<group>";
		};
/* End PBXGroup section */

/* Begin PBXNativeTarget section */
		BF83EE152008B0F3000EBA5C /* RunQuestAI */ = {
			isa = PBXNativeTarget;
			buildConfigurationList = BF83EE452008B0F3000EBA5C /* Build configuration list for PBXNativeTarget "RunQuestAI" */;
			buildPhases = (
				56FD0B9403FC38A221D6B950 /* [CP] Check Pods Manifest.lock */,
				BF83EE122008B0F3000EBA5C /* Sources */,
				BF83EE132008B0F3000EBA5C /* Frameworks */,
				BF83EE142008B0F3000EBA5C /* Resources */,
				4B304ABBB5D63DF498A0D45C /* [CP] Embed Pods Frameworks */,
				1791D690011AFD8087AC3C59 /* [CP] Copy Pods Resources */,
			);
			buildRules = (
			);
			dependencies = (
			);
			name = RunQuestAI;
			productName = RunQuestAI;
			productReference = BF83EE162008B0F3000EBA5C /* RunQuestAI.app */;
			productType = "com.apple.product-type.application";
		};
		BF83EE302008B0F3000EBA5C /* RunQuestAITests */ = {
			isa = PBXNativeTarget;
			buildConfigurationList = BF83EE482008B0F3000EBA5C /* Build configuration list for PBXNativeTarget "RunQuestAITests" */;
			buildPhases = (
				BBDA168D692CB9FA40310EB1 /* [CP] Check Pods Manifest.lock */,
				BF83EE2D2008B0F3000EBA5C /* Sources */,
				BF83EE2E2008B0F3000EBA5C /* Frameworks */,
				BF83EE2F2008B0F3000EBA5C /* Resources */,
				E83A3C8989C409851581CA61 /* [CP] Embed Pods Frameworks */,
				5468839A3D427AC8C39D5892 /* [CP] Copy Pods Resources */,
			);
			buildRules = (
			);
			dependencies = (
				BF83EE332008B0F3000EBA5C /* PBXTargetDependency */,
			);
			name = RunQuestAITests;
			productName = RunQuestAITests;
			productReference = BF83EE312008B0F3000EBA5C /* RunQuestAITests.xctest */;
			productType = "com.apple.product-type.bundle.unit-test";
		};
		BF83EE3B2008B0F3000EBA5C /* RunQuestAIUITests */ = {
			isa = PBXNativeTarget;
			buildConfigurationList = BF83EE4B2008B0F3000EBA5C /* Build configuration list for PBXNativeTarget "RunQuestAIUITests" */;
			buildPhases = (
				57FD2D2194A7918E6D6B9A1D /* [CP] Check Pods Manifest.lock */,
				BF83EE382008B0F3000EBA5C /* Sources */,
				BF83EE392008B0F3000EBA5C /* Frameworks */,
				BF83EE3A2008B0F3000EBA5C /* Resources */,
				BBDBA5F54DEC83C6B6948CBB /* [CP] Embed Pods Frameworks */,
				4E87F6E8EBE8908D794866B8 /* [CP] Copy Pods Resources */,
			);
			buildRules = (
			);
			dependencies = (
				BF83EE3E2008B0F3000EBA5C /* PBXTargetDependency */,
			);
			name = RunQuestAIUITests;
			productName = RunQuestAIUITests;
			productReference = BF83EE3C2008B0F3000EBA5C /* RunQuestAIUITests.xctest */;
			productType = "com.apple.product-type.bundle.ui-testing";
		};
/* End PBXNativeTarget section */

/* Begin PBXProject section */
		BF83EE0E2008B0F3000EBA5C /* Project object */ = {
			isa = PBXProject;
			attributes = {
				LastUpgradeCheck = 0920;
				ORGANIZATIONNAME = "Андрей Илалов";
				TargetAttributes = {
					BF83EE152008B0F3000EBA5C = {
						CreatedOnToolsVersion = 9.2;
						ProvisioningStyle = Automatic;
						SystemCapabilities = {
							com.apple.BackgroundModes = {
								enabled = 1;
							};
							com.apple.Maps.iOS = {
								enabled = 0;
							};
						};
					};
					BF83EE302008B0F3000EBA5C = {
						CreatedOnToolsVersion = 9.2;
						ProvisioningStyle = Automatic;
						TestTargetID = BF83EE152008B0F3000EBA5C;
					};
					BF83EE3B2008B0F3000EBA5C = {
						CreatedOnToolsVersion = 9.2;
						ProvisioningStyle = Automatic;
						TestTargetID = BF83EE152008B0F3000EBA5C;
					};
				};
			};
			buildConfigurationList = BF83EE112008B0F3000EBA5C /* Build configuration list for PBXProject "RunQuestAI" */;
			compatibilityVersion = "Xcode 8.0";
			developmentRegion = en;
			hasScannedForEncodings = 0;
			knownRegions = (
				en,
				Base,
			);
			mainGroup = BF83EE0D2008B0F3000EBA5C;
			productRefGroup = BF83EE172008B0F3000EBA5C /* Products */;
			projectDirPath = "";
			projectRoot = "";
			targets = (
				BF83EE152008B0F3000EBA5C /* RunQuestAI */,
				BF83EE302008B0F3000EBA5C /* RunQuestAITests */,
				BF83EE3B2008B0F3000EBA5C /* RunQuestAIUITests */,
			);
		};
/* End PBXProject section */

/* Begin PBXResourcesBuildPhase section */
		BF83EE142008B0F3000EBA5C /* Resources */ = {
			isa = PBXResourcesBuildPhase;
			buildActionMask = 2147483647;
			files = (
				BF83EE292008B0F3000EBA5C /* LaunchScreen.storyboard in Resources */,
				BF83EE262008B0F3000EBA5C /* Assets.xcassets in Resources */,
				BFC16169201167D500EF12BC /* TimeToRun.m4a in Resources */,
			);
			runOnlyForDeploymentPostprocessing = 0;
		};
		BF83EE2F2008B0F3000EBA5C /* Resources */ = {
			isa = PBXResourcesBuildPhase;
			buildActionMask = 2147483647;
			files = (
			);
			runOnlyForDeploymentPostprocessing = 0;
		};
		BF83EE3A2008B0F3000EBA5C /* Resources */ = {
			isa = PBXResourcesBuildPhase;
			buildActionMask = 2147483647;
			files = (
			);
			runOnlyForDeploymentPostprocessing = 0;
		};
/* End PBXResourcesBuildPhase section */

/* Begin PBXShellScriptBuildPhase section */
		1791D690011AFD8087AC3C59 /* [CP] Copy Pods Resources */ = {
			isa = PBXShellScriptBuildPhase;
			buildActionMask = 2147483647;
			files = (
			);
			inputPaths = (
				"${SRCROOT}/Pods/Target Support Files/Pods-RunQuestAI/Pods-RunQuestAI-resources.sh",
				"${PODS_ROOT}/GoogleMaps/Maps/Frameworks/GoogleMaps.framework/Resources/GoogleMaps.bundle",
				"${PODS_ROOT}/GooglePlaces/Frameworks/GooglePlaces.framework/Resources/GooglePlaces.bundle",
			);
			name = "[CP] Copy Pods Resources";
			outputPaths = (
				"${TARGET_BUILD_DIR}/${UNLOCALIZED_RESOURCES_FOLDER_PATH}",
			);
			runOnlyForDeploymentPostprocessing = 0;
			shellPath = /bin/sh;
			shellScript = "\"${SRCROOT}/Pods/Target Support Files/Pods-RunQuestAI/Pods-RunQuestAI-resources.sh\"\n";
			showEnvVarsInLog = 0;
		};
		4B304ABBB5D63DF498A0D45C /* [CP] Embed Pods Frameworks */ = {
			isa = PBXShellScriptBuildPhase;
			buildActionMask = 2147483647;
			files = (
			);
			inputPaths = (
			);
			name = "[CP] Embed Pods Frameworks";
			outputPaths = (
			);
			runOnlyForDeploymentPostprocessing = 0;
			shellPath = /bin/sh;
			shellScript = "\"${SRCROOT}/Pods/Target Support Files/Pods-RunQuestAI/Pods-RunQuestAI-frameworks.sh\"\n";
			showEnvVarsInLog = 0;
		};
		4E87F6E8EBE8908D794866B8 /* [CP] Copy Pods Resources */ = {
			isa = PBXShellScriptBuildPhase;
			buildActionMask = 2147483647;
			files = (
			);
			inputPaths = (
			);
			name = "[CP] Copy Pods Resources";
			outputPaths = (
			);
			runOnlyForDeploymentPostprocessing = 0;
			shellPath = /bin/sh;
			shellScript = "\"${SRCROOT}/Pods/Target Support Files/Pods-RunQuestAIUITests/Pods-RunQuestAIUITests-resources.sh\"\n";
			showEnvVarsInLog = 0;
		};
		5468839A3D427AC8C39D5892 /* [CP] Copy Pods Resources */ = {
			isa = PBXShellScriptBuildPhase;
			buildActionMask = 2147483647;
			files = (
			);
			inputPaths = (
			);
			name = "[CP] Copy Pods Resources";
			outputPaths = (
			);
			runOnlyForDeploymentPostprocessing = 0;
			shellPath = /bin/sh;
			shellScript = "\"${SRCROOT}/Pods/Target Support Files/Pods-RunQuestAITests/Pods-RunQuestAITests-resources.sh\"\n";
			showEnvVarsInLog = 0;
		};
		56FD0B9403FC38A221D6B950 /* [CP] Check Pods Manifest.lock */ = {
			isa = PBXShellScriptBuildPhase;
			buildActionMask = 2147483647;
			files = (
			);
			inputPaths = (
				"${PODS_PODFILE_DIR_PATH}/Podfile.lock",
				"${PODS_ROOT}/Manifest.lock",
			);
			name = "[CP] Check Pods Manifest.lock";
			outputPaths = (
				"$(DERIVED_FILE_DIR)/Pods-RunQuestAI-checkManifestLockResult.txt",
			);
			runOnlyForDeploymentPostprocessing = 0;
			shellPath = /bin/sh;
			shellScript = "diff \"${PODS_PODFILE_DIR_PATH}/Podfile.lock\" \"${PODS_ROOT}/Manifest.lock\" > /dev/null\nif [ $? != 0 ] ; then\n    # print error to STDERR\n    echo \"error: The sandbox is not in sync with the Podfile.lock. Run 'pod install' or update your CocoaPods installation.\" >&2\n    exit 1\nfi\n# This output is used by Xcode 'outputs' to avoid re-running this script phase.\necho \"SUCCESS\" > \"${SCRIPT_OUTPUT_FILE_0}\"\n";
			showEnvVarsInLog = 0;
		};
		57FD2D2194A7918E6D6B9A1D /* [CP] Check Pods Manifest.lock */ = {
			isa = PBXShellScriptBuildPhase;
			buildActionMask = 2147483647;
			files = (
			);
			inputPaths = (
				"${PODS_PODFILE_DIR_PATH}/Podfile.lock",
				"${PODS_ROOT}/Manifest.lock",
			);
			name = "[CP] Check Pods Manifest.lock";
			outputPaths = (
				"$(DERIVED_FILE_DIR)/Pods-RunQuestAIUITests-checkManifestLockResult.txt",
			);
			runOnlyForDeploymentPostprocessing = 0;
			shellPath = /bin/sh;
			shellScript = "diff \"${PODS_PODFILE_DIR_PATH}/Podfile.lock\" \"${PODS_ROOT}/Manifest.lock\" > /dev/null\nif [ $? != 0 ] ; then\n    # print error to STDERR\n    echo \"error: The sandbox is not in sync with the Podfile.lock. Run 'pod install' or update your CocoaPods installation.\" >&2\n    exit 1\nfi\n# This output is used by Xcode 'outputs' to avoid re-running this script phase.\necho \"SUCCESS\" > \"${SCRIPT_OUTPUT_FILE_0}\"\n";
			showEnvVarsInLog = 0;
		};
		BBDA168D692CB9FA40310EB1 /* [CP] Check Pods Manifest.lock */ = {
			isa = PBXShellScriptBuildPhase;
			buildActionMask = 2147483647;
			files = (
			);
			inputPaths = (
				"${PODS_PODFILE_DIR_PATH}/Podfile.lock",
				"${PODS_ROOT}/Manifest.lock",
			);
			name = "[CP] Check Pods Manifest.lock";
			outputPaths = (
				"$(DERIVED_FILE_DIR)/Pods-RunQuestAITests-checkManifestLockResult.txt",
			);
			runOnlyForDeploymentPostprocessing = 0;
			shellPath = /bin/sh;
			shellScript = "diff \"${PODS_PODFILE_DIR_PATH}/Podfile.lock\" \"${PODS_ROOT}/Manifest.lock\" > /dev/null\nif [ $? != 0 ] ; then\n    # print error to STDERR\n    echo \"error: The sandbox is not in sync with the Podfile.lock. Run 'pod install' or update your CocoaPods installation.\" >&2\n    exit 1\nfi\n# This output is used by Xcode 'outputs' to avoid re-running this script phase.\necho \"SUCCESS\" > \"${SCRIPT_OUTPUT_FILE_0}\"\n";
			showEnvVarsInLog = 0;
		};
		BBDBA5F54DEC83C6B6948CBB /* [CP] Embed Pods Frameworks */ = {
			isa = PBXShellScriptBuildPhase;
			buildActionMask = 2147483647;
			files = (
			);
			inputPaths = (
			);
			name = "[CP] Embed Pods Frameworks";
			outputPaths = (
			);
			runOnlyForDeploymentPostprocessing = 0;
			shellPath = /bin/sh;
			shellScript = "\"${SRCROOT}/Pods/Target Support Files/Pods-RunQuestAIUITests/Pods-RunQuestAIUITests-frameworks.sh\"\n";
			showEnvVarsInLog = 0;
		};
		E83A3C8989C409851581CA61 /* [CP] Embed Pods Frameworks */ = {
			isa = PBXShellScriptBuildPhase;
			buildActionMask = 2147483647;
			files = (
			);
			inputPaths = (
			);
			name = "[CP] Embed Pods Frameworks";
			outputPaths = (
			);
			runOnlyForDeploymentPostprocessing = 0;
			shellPath = /bin/sh;
			shellScript = "\"${SRCROOT}/Pods/Target Support Files/Pods-RunQuestAITests/Pods-RunQuestAITests-frameworks.sh\"\n";
			showEnvVarsInLog = 0;
		};
/* End PBXShellScriptBuildPhase section */

/* Begin PBXSourcesBuildPhase section */
		BF83EE122008B0F3000EBA5C /* Sources */ = {
			isa = PBXSourcesBuildPhase;
			buildActionMask = 2147483647;
			files = (
				BF4CE9FF2012F575000BEC8A /* AISCaharcterSW.m in Sources */,
				BFBE0CBF200E8D9500C3F019 /* AISRunStaticsViewController.m in Sources */,
				BFC1615820114D6900EF12BC /* AISSystemSpeaker.m in Sources */,
				BF26D4A6201067BD00D70121 /* AISRunTarget.m in Sources */,
				BF4CE9FC2012F52B000BEC8A /* AISTypeOfPersonViewController.m in Sources */,
				BF26D48E200F9BF300D70121 /* AISPrisesCollectionViewCell.m in Sources */,
				BF39BC27201659C500919F1D /* AISDownloadService.m in Sources */,
				BF39BC2E201679C000919F1D /* AISPathHelperModel.m in Sources */,
				BF4CEA022012F6E8000BEC8A /* AISHelperForCharactersSW.m in Sources */,
				BF26D4952010051B00D70121 /* AISLightSaberView.m in Sources */,
				BF26D487200F970900D70121 /* AISPrisesCollectionViewController.m in Sources */,
				BF7D3479200E2837007D33B2 /* AISMainViewTabbarController.m in Sources */,
				BF3065EF200CB5BB00F3058E /* AISRunMissionMapViewController.m in Sources */,
				BF3065F2200CB7FA00F3058E /* AISRunMissionCharacteristicsViewController.m in Sources */,
				BF3065D0200BDBAC00F3058E /* AISBeginRunViewController.m in Sources */,
				BF3065F9200D3B0700F3058E /* AISTranslationUnitsModel.m in Sources */,
				BF2BF7BC2017D3D6003118F4 /* Location+CoreDataClass.m in Sources */,
				BF2BF7BF2017D3D6003118F4 /* Run+CoreDataProperties.m in Sources */,
				BF26D483200F893200D70121 /* AISUserDefaultsService.m in Sources */,
				BF7D3482200E2A3F007D33B2 /* AISStatsViewController.m in Sources */,
				BF39BC402016A29F00919F1D /* AISCharacteristicViewConfigurator.m in Sources */,
				BF2BF7AD2017C4EA003118F4 /* AISCoreDataStack.m in Sources */,
				BF26D4A020103FF200D70121 /* AISPrisesPagesViewController.m in Sources */,
				BF39BC23201649F700919F1D /* AISPrisesDescription.m in Sources */,
				BF26D492200FDEB900D70121 /* AISDataService.m in Sources */,
				BF26D4A32010678C00D70121 /* AISTargetAllocatorHelper.m in Sources */,
				BF2BF7BE2017D3D6003118F4 /* Run+CoreDataClass.m in Sources */,
				BF3065E9200C144F00F3058E /* AISCountdownRunMissionViewController.m in Sources */,
				BF83EE242008B0F3000EBA5C /* RunQuestAI.xcdatamodeld in Sources */,
				BF2BF7BD2017D3D6003118F4 /* Location+CoreDataProperties.m in Sources */,
				BF7D3485200E36C4007D33B2 /* AISStatsTableViewCell.m in Sources */,
				BF83EE2C2008B0F3000EBA5C /* main.m in Sources */,
				BF4CE99720124F97000BEC8A /* AISCustomRunView.m in Sources */,
				BF83EE1B2008B0F3000EBA5C /* AppDelegate.m in Sources */,
				BFC1615B20115B6500EF12BC /* AISRealVoicesPlayer.m in Sources */,
			);
			runOnlyForDeploymentPostprocessing = 0;
		};
		BF83EE2D2008B0F3000EBA5C /* Sources */ = {
			isa = PBXSourcesBuildPhase;
			buildActionMask = 2147483647;
			files = (
				BF2BF7A620178C4E003118F4 /* AISTargetAllocatorHelperTest.m in Sources */,
				BF4CE9A920128901000BEC8A /* AISRunTargetTest.m in Sources */,
				BF2BF7A420178ADA003118F4 /* AISRunTargetAllocatorTest.m in Sources */,
				BF2BF7AA201799B7003118F4 /* AISPlayerAudioTest.m in Sources */,
				BF39BC48201775AC00919F1D /* AISTranslationUnitModelTest.m in Sources */,
				BF2BF7A82017983A003118F4 /* AISUserDefaultsServiceTest.m in Sources */,
				BF39BC4620176E2300919F1D /* AISPathHelperModelTest.m in Sources */,
				BF83EE362008B0F3000EBA5C /* RunQuestAITests.m in Sources */,
			);
			runOnlyForDeploymentPostprocessing = 0;
		};
		BF83EE382008B0F3000EBA5C /* Sources */ = {
			isa = PBXSourcesBuildPhase;
			buildActionMask = 2147483647;
			files = (
				BF83EE412008B0F3000EBA5C /* RunQuestAIUITests.m in Sources */,
			);
			runOnlyForDeploymentPostprocessing = 0;
		};
/* End PBXSourcesBuildPhase section */

/* Begin PBXTargetDependency section */
		BF83EE332008B0F3000EBA5C /* PBXTargetDependency */ = {
			isa = PBXTargetDependency;
			target = BF83EE152008B0F3000EBA5C /* RunQuestAI */;
			targetProxy = BF83EE322008B0F3000EBA5C /* PBXContainerItemProxy */;
		};
		BF83EE3E2008B0F3000EBA5C /* PBXTargetDependency */ = {
			isa = PBXTargetDependency;
			target = BF83EE152008B0F3000EBA5C /* RunQuestAI */;
			targetProxy = BF83EE3D2008B0F3000EBA5C /* PBXContainerItemProxy */;
		};
/* End PBXTargetDependency section */

/* Begin PBXVariantGroup section */
		BF83EE272008B0F3000EBA5C /* LaunchScreen.storyboard */ = {
			isa = PBXVariantGroup;
			children = (
				BF83EE282008B0F3000EBA5C /* Base */,
			);
			name = LaunchScreen.storyboard;
			sourceTree = "<group>";
		};
/* End PBXVariantGroup section */

/* Begin XCBuildConfiguration section */
		BF83EE432008B0F3000EBA5C /* Debug */ = {
			isa = XCBuildConfiguration;
			buildSettings = {
				ALWAYS_SEARCH_USER_PATHS = NO;
				CLANG_ANALYZER_NONNULL = YES;
				CLANG_ANALYZER_NUMBER_OBJECT_CONVERSION = YES_AGGRESSIVE;
				CLANG_CXX_LANGUAGE_STANDARD = "gnu++14";
				CLANG_CXX_LIBRARY = "libc++";
				CLANG_ENABLE_MODULES = YES;
				CLANG_ENABLE_OBJC_ARC = YES;
				CLANG_WARN_BLOCK_CAPTURE_AUTORELEASING = YES;
				CLANG_WARN_BOOL_CONVERSION = YES;
				CLANG_WARN_COMMA = YES;
				CLANG_WARN_CONSTANT_CONVERSION = YES;
				CLANG_WARN_DIRECT_OBJC_ISA_USAGE = YES_ERROR;
				CLANG_WARN_DOCUMENTATION_COMMENTS = YES;
				CLANG_WARN_EMPTY_BODY = YES;
				CLANG_WARN_ENUM_CONVERSION = YES;
				CLANG_WARN_INFINITE_RECURSION = YES;
				CLANG_WARN_INT_CONVERSION = YES;
				CLANG_WARN_NON_LITERAL_NULL_CONVERSION = YES;
				CLANG_WARN_OBJC_LITERAL_CONVERSION = YES;
				CLANG_WARN_OBJC_ROOT_CLASS = YES_ERROR;
				CLANG_WARN_RANGE_LOOP_ANALYSIS = YES;
				CLANG_WARN_STRICT_PROTOTYPES = YES;
				CLANG_WARN_SUSPICIOUS_MOVE = YES;
				CLANG_WARN_UNGUARDED_AVAILABILITY = YES_AGGRESSIVE;
				CLANG_WARN_UNREACHABLE_CODE = YES;
				CLANG_WARN__DUPLICATE_METHOD_MATCH = YES;
				CODE_SIGN_IDENTITY = "iPhone Developer";
				COPY_PHASE_STRIP = NO;
				DEBUG_INFORMATION_FORMAT = dwarf;
				ENABLE_STRICT_OBJC_MSGSEND = YES;
				ENABLE_TESTABILITY = YES;
				GCC_C_LANGUAGE_STANDARD = gnu11;
				GCC_DYNAMIC_NO_PIC = NO;
				GCC_NO_COMMON_BLOCKS = YES;
				GCC_OPTIMIZATION_LEVEL = 0;
				GCC_PREPROCESSOR_DEFINITIONS = (
					"DEBUG=1",
					"$(inherited)",
				);
				GCC_WARN_64_TO_32_BIT_CONVERSION = YES;
				GCC_WARN_ABOUT_RETURN_TYPE = YES_ERROR;
				GCC_WARN_UNDECLARED_SELECTOR = YES;
				GCC_WARN_UNINITIALIZED_AUTOS = YES_AGGRESSIVE;
				GCC_WARN_UNUSED_FUNCTION = YES;
				GCC_WARN_UNUSED_VARIABLE = YES;
				IPHONEOS_DEPLOYMENT_TARGET = 11.2;
				MTL_ENABLE_DEBUG_INFO = YES;
				ONLY_ACTIVE_ARCH = YES;
				SDKROOT = iphoneos;
			};
			name = Debug;
		};
		BF83EE442008B0F3000EBA5C /* Release */ = {
			isa = XCBuildConfiguration;
			buildSettings = {
				ALWAYS_SEARCH_USER_PATHS = NO;
				CLANG_ANALYZER_NONNULL = YES;
				CLANG_ANALYZER_NUMBER_OBJECT_CONVERSION = YES_AGGRESSIVE;
				CLANG_CXX_LANGUAGE_STANDARD = "gnu++14";
				CLANG_CXX_LIBRARY = "libc++";
				CLANG_ENABLE_MODULES = YES;
				CLANG_ENABLE_OBJC_ARC = YES;
				CLANG_WARN_BLOCK_CAPTURE_AUTORELEASING = YES;
				CLANG_WARN_BOOL_CONVERSION = YES;
				CLANG_WARN_COMMA = YES;
				CLANG_WARN_CONSTANT_CONVERSION = YES;
				CLANG_WARN_DIRECT_OBJC_ISA_USAGE = YES_ERROR;
				CLANG_WARN_DOCUMENTATION_COMMENTS = YES;
				CLANG_WARN_EMPTY_BODY = YES;
				CLANG_WARN_ENUM_CONVERSION = YES;
				CLANG_WARN_INFINITE_RECURSION = YES;
				CLANG_WARN_INT_CONVERSION = YES;
				CLANG_WARN_NON_LITERAL_NULL_CONVERSION = YES;
				CLANG_WARN_OBJC_LITERAL_CONVERSION = YES;
				CLANG_WARN_OBJC_ROOT_CLASS = YES_ERROR;
				CLANG_WARN_RANGE_LOOP_ANALYSIS = YES;
				CLANG_WARN_STRICT_PROTOTYPES = YES;
				CLANG_WARN_SUSPICIOUS_MOVE = YES;
				CLANG_WARN_UNGUARDED_AVAILABILITY = YES_AGGRESSIVE;
				CLANG_WARN_UNREACHABLE_CODE = YES;
				CLANG_WARN__DUPLICATE_METHOD_MATCH = YES;
				CODE_SIGN_IDENTITY = "iPhone Developer";
				COPY_PHASE_STRIP = NO;
				DEBUG_INFORMATION_FORMAT = "dwarf-with-dsym";
				ENABLE_NS_ASSERTIONS = NO;
				ENABLE_STRICT_OBJC_MSGSEND = YES;
				GCC_C_LANGUAGE_STANDARD = gnu11;
				GCC_NO_COMMON_BLOCKS = YES;
				GCC_WARN_64_TO_32_BIT_CONVERSION = YES;
				GCC_WARN_ABOUT_RETURN_TYPE = YES_ERROR;
				GCC_WARN_UNDECLARED_SELECTOR = YES;
				GCC_WARN_UNINITIALIZED_AUTOS = YES_AGGRESSIVE;
				GCC_WARN_UNUSED_FUNCTION = YES;
				GCC_WARN_UNUSED_VARIABLE = YES;
				IPHONEOS_DEPLOYMENT_TARGET = 11.2;
				MTL_ENABLE_DEBUG_INFO = NO;
				SDKROOT = iphoneos;
				VALIDATE_PRODUCT = YES;
			};
			name = Release;
		};
		BF83EE462008B0F3000EBA5C /* Debug */ = {
			isa = XCBuildConfiguration;
			baseConfigurationReference = 61D7A8DE3924531802539768 /* Pods-RunQuestAI.debug.xcconfig */;
			buildSettings = {
				ASSETCATALOG_COMPILER_APPICON_NAME = AppIcon;
				CODE_SIGN_STYLE = Automatic;
				DEVELOPMENT_TEAM = R7WJ756XHJ;
				INFOPLIST_FILE = RunQuestAI/Info.plist;
				IPHONEOS_DEPLOYMENT_TARGET = 11.2;
				LD_RUNPATH_SEARCH_PATHS = "$(inherited) @executable_path/Frameworks";
				PRODUCT_BUNDLE_IDENTIFIER = AI.RunQuestAI;
				PRODUCT_NAME = "$(TARGET_NAME)";
				TARGETED_DEVICE_FAMILY = 1;
			};
			name = Debug;
		};
		BF83EE472008B0F3000EBA5C /* Release */ = {
			isa = XCBuildConfiguration;
			baseConfigurationReference = 72ED9C532FF017944AB14B42 /* Pods-RunQuestAI.release.xcconfig */;
			buildSettings = {
				ASSETCATALOG_COMPILER_APPICON_NAME = AppIcon;
				CODE_SIGN_STYLE = Automatic;
				DEVELOPMENT_TEAM = R7WJ756XHJ;
				INFOPLIST_FILE = RunQuestAI/Info.plist;
				IPHONEOS_DEPLOYMENT_TARGET = 11.2;
				LD_RUNPATH_SEARCH_PATHS = "$(inherited) @executable_path/Frameworks";
				PRODUCT_BUNDLE_IDENTIFIER = AI.RunQuestAI;
				PRODUCT_NAME = "$(TARGET_NAME)";
				TARGETED_DEVICE_FAMILY = 1;
			};
			name = Release;
		};
		BF83EE492008B0F3000EBA5C /* Debug */ = {
			isa = XCBuildConfiguration;
			baseConfigurationReference = DE88160992FC2299B437EEDB /* Pods-RunQuestAITests.debug.xcconfig */;
			buildSettings = {
				BUNDLE_LOADER = "$(TEST_HOST)";
				CODE_SIGN_STYLE = Automatic;
				DEVELOPMENT_TEAM = M5268ZTPTL;
				INFOPLIST_FILE = RunQuestAITests/Info.plist;
				LD_RUNPATH_SEARCH_PATHS = "$(inherited) @executable_path/Frameworks @loader_path/Frameworks";
				PRODUCT_BUNDLE_IDENTIFIER = AI.RunQuestAITests;
				PRODUCT_NAME = "$(TARGET_NAME)";
				TARGETED_DEVICE_FAMILY = "1,2";
				TEST_HOST = "$(BUILT_PRODUCTS_DIR)/RunQuestAI.app/RunQuestAI";
			};
			name = Debug;
		};
		BF83EE4A2008B0F3000EBA5C /* Release */ = {
			isa = XCBuildConfiguration;
			baseConfigurationReference = 43E90E808D27D223DCDA5D0A /* Pods-RunQuestAITests.release.xcconfig */;
			buildSettings = {
				BUNDLE_LOADER = "$(TEST_HOST)";
				CODE_SIGN_STYLE = Automatic;
				DEVELOPMENT_TEAM = M5268ZTPTL;
				INFOPLIST_FILE = RunQuestAITests/Info.plist;
				LD_RUNPATH_SEARCH_PATHS = "$(inherited) @executable_path/Frameworks @loader_path/Frameworks";
				PRODUCT_BUNDLE_IDENTIFIER = AI.RunQuestAITests;
				PRODUCT_NAME = "$(TARGET_NAME)";
				TARGETED_DEVICE_FAMILY = "1,2";
				TEST_HOST = "$(BUILT_PRODUCTS_DIR)/RunQuestAI.app/RunQuestAI";
			};
			name = Release;
		};
		BF83EE4C2008B0F3000EBA5C /* Debug */ = {
			isa = XCBuildConfiguration;
			baseConfigurationReference = B880ABE2B79798E47AE25DB4 /* Pods-RunQuestAIUITests.debug.xcconfig */;
			buildSettings = {
				CODE_SIGN_STYLE = Automatic;
				DEVELOPMENT_TEAM = M5268ZTPTL;
				INFOPLIST_FILE = RunQuestAIUITests/Info.plist;
				LD_RUNPATH_SEARCH_PATHS = "$(inherited) @executable_path/Frameworks @loader_path/Frameworks";
				PRODUCT_BUNDLE_IDENTIFIER = AI.RunQuestAIUITests;
				PRODUCT_NAME = "$(TARGET_NAME)";
				TARGETED_DEVICE_FAMILY = "1,2";
				TEST_TARGET_NAME = RunQuestAI;
			};
			name = Debug;
		};
		BF83EE4D2008B0F3000EBA5C /* Release */ = {
			isa = XCBuildConfiguration;
			baseConfigurationReference = B06C476CA1D0A4169831ED01 /* Pods-RunQuestAIUITests.release.xcconfig */;
			buildSettings = {
				CODE_SIGN_STYLE = Automatic;
				DEVELOPMENT_TEAM = M5268ZTPTL;
				INFOPLIST_FILE = RunQuestAIUITests/Info.plist;
				LD_RUNPATH_SEARCH_PATHS = "$(inherited) @executable_path/Frameworks @loader_path/Frameworks";
				PRODUCT_BUNDLE_IDENTIFIER = AI.RunQuestAIUITests;
				PRODUCT_NAME = "$(TARGET_NAME)";
				TARGETED_DEVICE_FAMILY = "1,2";
				TEST_TARGET_NAME = RunQuestAI;
			};
			name = Release;
		};
/* End XCBuildConfiguration section */

/* Begin XCConfigurationList section */
		BF83EE112008B0F3000EBA5C /* Build configuration list for PBXProject "RunQuestAI" */ = {
			isa = XCConfigurationList;
			buildConfigurations = (
				BF83EE432008B0F3000EBA5C /* Debug */,
				BF83EE442008B0F3000EBA5C /* Release */,
			);
			defaultConfigurationIsVisible = 0;
			defaultConfigurationName = Release;
		};
		BF83EE452008B0F3000EBA5C /* Build configuration list for PBXNativeTarget "RunQuestAI" */ = {
			isa = XCConfigurationList;
			buildConfigurations = (
				BF83EE462008B0F3000EBA5C /* Debug */,
				BF83EE472008B0F3000EBA5C /* Release */,
			);
			defaultConfigurationIsVisible = 0;
			defaultConfigurationName = Release;
		};
		BF83EE482008B0F3000EBA5C /* Build configuration list for PBXNativeTarget "RunQuestAITests" */ = {
			isa = XCConfigurationList;
			buildConfigurations = (
				BF83EE492008B0F3000EBA5C /* Debug */,
				BF83EE4A2008B0F3000EBA5C /* Release */,
			);
			defaultConfigurationIsVisible = 0;
			defaultConfigurationName = Release;
		};
		BF83EE4B2008B0F3000EBA5C /* Build configuration list for PBXNativeTarget "RunQuestAIUITests" */ = {
			isa = XCConfigurationList;
			buildConfigurations = (
				BF83EE4C2008B0F3000EBA5C /* Debug */,
				BF83EE4D2008B0F3000EBA5C /* Release */,
			);
			defaultConfigurationIsVisible = 0;
			defaultConfigurationName = Release;
		};
/* End XCConfigurationList section */

/* Begin XCVersionGroup section */
		BF83EE222008B0F3000EBA5C /* RunQuestAI.xcdatamodeld */ = {
			isa = XCVersionGroup;
			children = (
				BF83EE232008B0F3000EBA5C /* RunQuestAI.xcdatamodel */,
			);
			currentVersion = BF83EE232008B0F3000EBA5C /* RunQuestAI.xcdatamodel */;
			path = RunQuestAI.xcdatamodeld;
			sourceTree = "<group>";
			versionGroupType = wrapper.xcdatamodel;
		};
/* End XCVersionGroup section */
	};
	rootObject = BF83EE0E2008B0F3000EBA5C /* Project object */;
}
